// !$*UTF8*$!
{
	archiveVersion = 1;
	classes = {
	};
	objectVersion = 110;
	objects = {

/* Begin PBXContainerItemProxy section */
		3FBE102E3066CF61007FB0CC /* PBXContainerItemProxy */ = {
			isa = PBXContainerItemProxy;
			containerPortal = 3FBE10183066CF60007FB0CC /* Project object */;
			proxyType = 1;
			remoteGlobalIDString = 3FBE101F3066CF60007FB0CC;
			remoteInfo = MoneyTalks;
		};
		3FBE10383066CF61007FB0CC /* PBXContainerItemProxy */ = {
			isa = PBXContainerItemProxy;
			containerPortal = 3FBE10183066CF60007FB0CC /* Project object */;
			proxyType = 1;
			remoteGlobalIDString = 3FBE101F3066CF60007FB0CC;
			remoteInfo = MoneyTalks;
		};
/* End PBXContainerItemProxy section */

/* Begin PBXFileReference section */
		3FBE10203066CF60007FB0CC /* MoneyTalks.app */ = {isa = PBXFileReference; explicitFileType = wrapper.application; includeInIndex = 0; path = MoneyTalks.app; sourceTree = BUILT_PRODUCTS_DIR; };
		3FBE102D3066CF61007FB0CC /* MoneyTalksTests.xctest */ = {isa = PBXFileReference; explicitFileType = wrapper.cfbundle; includeInIndex = 0; path = MoneyTalksTests.xctest; sourceTree = BUILT_PRODUCTS_DIR; };
		3FBE10373066CF61007FB0CC /* MoneyTalksUITests.xctest */ = {isa = PBXFileReference; explicitFileType = wrapper.cfbundle; includeInIndex = 0; path = MoneyTalksUITests.xctest; sourceTree = BUILT_PRODUCTS_DIR; };
/* End PBXFileReference section */

/* Begin PBXFileSystemSynchronizedRootGroup section */
		3FBE10223066CF60007FB0CC /* MoneyTalks */ = {
			isa = PBXFileSystemSynchronizedRootGroup;
			path = MoneyTalks;
			sourceTree = "<group>";
		};
		3FBE10303066CF61007FB0CC /* MoneyTalksTests */ = {
			isa = PBXFileSystemSynchronizedRootGroup;
			path = MoneyTalksTests;
			sourceTree = "<group>";
		};
		3FBE103A3066CF61007FB0CC /* MoneyTalksUITests */ = {
			isa = PBXFileSystemSynchronizedRootGroup;
			path = MoneyTalksUITests;
			sourceTree = "<group>";
		};
/* End PBXFileSystemSynchronizedRootGroup section */

/* Begin PBXFrameworksBuildPhase section */
		3FBE101D3066CF60007FB0CC /* Frameworks */ = {
			isa = PBXFrameworksBuildPhase;
			files = (
			);
		};
		3FBE102A3066CF61007FB0CC /* Frameworks */ = {
			isa = PBXFrameworksBuildPhase;
			files = (
			);
		};
		3FBE10343066CF61007FB0CC /* Frameworks */ = {
			isa = PBXFrameworksBuildPhase;
			files = (
			);
		};
/* End PBXFrameworksBuildPhase section */

/* Begin PBXGroup section */
		3FBE10173066CF60007FB0CC = {
			isa = PBXGroup;
			children = (
				3FBE10223066CF60007FB0CC /* MoneyTalks */,
				3FBE10303066CF61007FB0CC /* MoneyTalksTests */,
				3FBE103A3066CF61007FB0CC /* MoneyTalksUITests */,
				3FBE10213066CF60007FB0CC /* Products */,
			);
			sourceTree = "<group>";
		};
		3FBE10213066CF60007FB0CC /* Products */ = {
			isa = PBXGroup;
			children = (
				3FBE10203066CF60007FB0CC /* MoneyTalks.app */,
				3FBE102D3066CF61007FB0CC /* MoneyTalksTests.xctest */,
				3FBE10373066CF61007FB0CC /* MoneyTalksUITests.xctest */,
			);
			name = Products;
			sourceTree = "<group>";
		};
/* End PBXGroup section */

/* Begin PBXNativeTarget section */
		3FBE101F3066CF60007FB0CC /* MoneyTalks */ = {
			isa = PBXNativeTarget;
			buildConfigurationList = 3FBE103F3066CF61007FB0CC /* Build configuration list for PBXNativeTarget "MoneyTalks" */;
			buildPhases = (
				3FBE101C3066CF60007FB0CC /* Sources */,
				3FBE101D3066CF60007FB0CC /* Frameworks */,
				3FBE101E3066CF60007FB0CC /* Resources */,
			);
			buildRules = (
			);
			fileSystemSynchronizedGroups = (
				3FBE10223066CF60007FB0CC /* MoneyTalks */,
			);
			name = MoneyTalks;
			productName = MoneyTalks;
			productReference = 3FBE10203066CF60007FB0CC /* MoneyTalks.app */;
			productType = "com.apple.product-type.application";
		};
		3FBE102C3066CF61007FB0CC /* MoneyTalksTests */ = {
			isa = PBXNativeTarget;
			buildConfigurationList = 3FBE10423066CF61007FB0CC /* Build configuration list for PBXNativeTarget "MoneyTalksTests" */;
			buildPhases = (
				3FBE10293066CF61007FB0CC /* Sources */,
				3FBE102A3066CF61007FB0CC /* Frameworks */,
				3FBE102B3066CF61007FB0CC /* Resources */,
			);
			buildRules = (
			);
			dependencies = (
				3FBE102F3066CF61007FB0CC /* PBXTargetDependency */,
			);
			fileSystemSynchronizedGroups = (
				3FBE10303066CF61007FB0CC /* MoneyTalksTests */,
			);
			name = MoneyTalksTests;
			productName = MoneyTalksTests;
			productReference = 3FBE102D3066CF61007FB0CC /* MoneyTalksTests.xctest */;
			productType = "com.apple.product-type.bundle.unit-test";
		};
		3FBE10363066CF61007FB0CC /* MoneyTalksUITests */ = {
			isa = PBXNativeTarget;
			buildConfigurationList = 3FBE10453066CF61007FB0CC /* Build configuration list for PBXNativeTarget "MoneyTalksUITests" */;
			buildPhases = (
				3FBE10333066CF61007FB0CC /* Sources */,
				3FBE10343066CF61007FB0CC /* Frameworks */,
				3FBE10353066CF61007FB0CC /* Resources */,
			);
			buildRules = (
			);
			dependencies = (
				3FBE10393066CF61007FB0CC /* PBXTargetDependency */,
			);
			fileSystemSynchronizedGroups = (
				3FBE103A3066CF61007FB0CC /* MoneyTalksUITests */,
			);
			name = MoneyTalksUITests;
			productName = MoneyTalksUITests;
			productReference = 3FBE10373066CF61007FB0CC /* MoneyTalksUITests.xctest */;
			productType = "com.apple.product-type.bundle.ui-testing";
		};
/* End PBXNativeTarget section */

/* Begin PBXProject section */
		3FBE10183066CF60007FB0CC /* Project object */ = {
			isa = PBXProject;
			attributes = {
				BuildIndependentTargetsInParallel = 1;
				LastSwiftUpdateCheck = 2700;
				LastUpgradeCheck = 2700;
				TargetAttributes = {
					3FBE101F3066CF60007FB0CC = {
						CreatedOnToolsVersion = 27.0;
					};
					3FBE102C3066CF61007FB0CC = {
						CreatedOnToolsVersion = 27.0;
						TestTargetID = 3FBE101F3066CF60007FB0CC;
					};
					3FBE10363066CF61007FB0CC = {
						CreatedOnToolsVersion = 27.0;
						TestTargetID = 3FBE101F3066CF60007FB0CC;
					};
				};
			};
			buildConfigurationList = 3FBE101B3066CF60007FB0CC /* Build configuration list for PBXProject "MoneyTalks" */;
			developmentRegion = en;
			hasScannedForEncodings = 0;
			knownRegions = (
				en,
				Base,
			);
			mainGroup = 3FBE10173066CF60007FB0CC;
			minimizedProjectReferenceProxies = 1;
			preferredProjectObjectVersion = 77;
			productRefGroup = 3FBE10213066CF60007FB0CC /* Products */;
			projectDirPath = "";
			projectRoot = "";
			targets = (
				3FBE101F3066CF60007FB0CC /* MoneyTalks */,
				3FBE102C3066CF61007FB0CC /* MoneyTalksTests */,
				3FBE10363066CF61007FB0CC /* MoneyTalksUITests */,
			);
		};
/* End PBXProject section */

/* Begin PBXResourcesBuildPhase section */
		3FBE101E3066CF60007FB0CC /* Resources */ = {
			isa = PBXResourcesBuildPhase;
			files = (
			);
		};
		3FBE102B3066CF61007FB0CC /* Resources */ = {
			isa = PBXResourcesBuildPhase;
			files = (
			);
		};
		3FBE10353066CF61007FB0CC /* Resources */ = {
			isa = PBXResourcesBuildPhase;
			files = (
			);
		};
/* End PBXResourcesBuildPhase section */

/* Begin PBXSourcesBuildPhase section */
		3FBE101C3066CF60007FB0CC /* Sources */ = {
			isa = PBXSourcesBuildPhase;
			files = (
			);
		};
		3FBE10293066CF61007FB0CC /* Sources */ = {
			isa = PBXSourcesBuildPhase;
			files = (
			);
		};
		3FBE10333066CF61007FB0CC /* Sources */ = {
			isa = PBXSourcesBuildPhase;
			files = (
			);
		};
/* End PBXSourcesBuildPhase section */

/* Begin PBXTargetDependency section */
		3FBE102F3066CF61007FB0CC /* PBXTargetDependency */ = {
			isa = PBXTargetDependency;
			target = 3FBE101F3066CF60007FB0CC /* MoneyTalks */;
			targetProxy = 3FBE102E3066CF61007FB0CC /* PBXContainerItemProxy */;
		};
		3FBE10393066CF61007FB0CC /* PBXTargetDependency */ = {
			isa = PBXTargetDependency;
			target = 3FBE101F3066CF60007FB0CC /* MoneyTalks */;
			targetProxy = 3FBE10383066CF61007FB0CC /* PBXContainerItemProxy */;
		};
/* End PBXTargetDependency section */

/* Begin XCBuildConfiguration section */
		3FBE103D3066CF61007FB0CC /* Debug configuration for PBXProject "MoneyTalks" */ = {
			isa = XCBuildConfiguration;
			buildSettings = {
				ALWAYS_SEARCH_USER_PATHS = NO;
				ASSETCATALOG_COMPILER_GENERATE_SWIFT_ASSET_SYMBOL_EXTENSIONS = YES;
				CLANG_ANALYZER_NONNULL = YES;
				CLANG_ANALYZER_NUMBER_OBJECT_CONVERSION = YES_AGGRESSIVE;
				CLANG_CXX_LANGUAGE_STANDARD = "gnu++20";
				CLANG_ENABLE_MODULES = YES;
				CLANG_ENABLE_OBJC_ARC = YES;
				CLANG_ENABLE_OBJC_WEAK = YES;
				CLANG_WARN_BLOCK_CAPTURE_AUTORELEASING = YES;
				CLANG_WARN_BOOL_CONVERSION = YES;
				CLANG_WARN_COMMA = YES;
				CLANG_WARN_CONSTANT_CONVERSION = YES;
				CLANG_WARN_DEPRECATED_OBJC_IMPLEMENTATIONS = YES;
				CLANG_WARN_DIRECT_OBJC_ISA_USAGE = YES_ERROR;
				CLANG_WARN_DOCUMENTATION_COMMENTS = YES;
				CLANG_WARN_EMPTY_BODY = YES;
				CLANG_WARN_ENUM_CONVERSION = YES;
				CLANG_WARN_INFINITE_RECURSION = YES;
				CLANG_WARN_INT_CONVERSION = YES;
				CLANG_WARN_NON_LITERAL_NULL_CONVERSION = YES;
				CLANG_WARN_OBJC_IMPLICIT_RETAIN_SELF = YES;
				CLANG_WARN_OBJC_LITERAL_CONVERSION = YES;
				CLANG_WARN_OBJC_ROOT_CLASS = YES_ERROR;
				CLANG_WARN_QUOTED_INCLUDE_IN_FRAMEWORK_HEADER = YES;
				CLANG_WARN_RANGE_LOOP_ANALYSIS = YES;
				CLANG_WARN_STRICT_PROTOTYPES = YES;
				CLANG_WARN_SUSPICIOUS_MOVE = YES;
				CLANG_WARN_UNGUARDED_AVAILABILITY = YES_AGGRESSIVE;
				CLANG_WARN_UNREACHABLE_CODE = YES;
				CLANG_WARN__DUPLICATE_METHOD_MATCH = YES;
				COPY_PHASE_STRIP = NO;
				DEBUG_INFORMATION_FORMAT = dwarf;
				DEVELOPMENT_TEAM = Q4JYUA6UF4;
				ENABLE_STRICT_OBJC_MSGSEND = YES;
				ENABLE_TESTABILITY = YES;
				ENABLE_USER_SCRIPT_SANDBOXING = YES;
				GCC_C_LANGUAGE_STANDARD = gnu17;
				GCC_DYNAMIC_NO_PIC = NO;
				GCC_NO_COMMON_BLOCKS = YES;
				GCC_OPTIMIZATION_LEVEL = 0;
				GCC_PREPROCESSOR_DEFINITIONS = (
					"DEBUG=1",
					"$(inherited)",
				);
				GCC_WARN_64_TO_32_BIT_CONVERSION = YES;
				GCC_WARN_ABOUT_RETURN_TYPE = YES_ERROR;
				GCC_WARN_UNDECLARED_SELECTOR = YES;
				GCC_WARN_UNINITIALIZED_AUTOS = YES_AGGRESSIVE;
				GCC_WARN_UNUSED_FUNCTION = YES;
				GCC_WARN_UNUSED_VARIABLE = YES;
				LOCALIZATION_PREFERS_STRING_CATALOGS = YES;
				MACOSX_DEPLOYMENT_TARGET = 27.0;
				MTL_ENABLE_DEBUG_INFO = INCLUDE_SOURCE;
				MTL_FAST_MATH = YES;
				ONLY_ACTIVE_ARCH = YES;
				SDKROOT = macosx;
				SWIFT_ACTIVE_COMPILATION_CONDITIONS = "DEBUG $(inherited)";
				SWIFT_OPTIMIZATION_LEVEL = "-Onone";
			};
			name = Debug;
		};
		3FBE103E3066CF61007FB0CC /* Release configuration for PBXProject "MoneyTalks" */ = {
			isa = XCBuildConfiguration;
			buildSettings = {
				ALWAYS_SEARCH_USER_PATHS = NO;
				ASSETCATALOG_COMPILER_GENERATE_SWIFT_ASSET_SYMBOL_EXTENSIONS = YES;
				CLANG_ANALYZER_NONNULL = YES;
				CLANG_ANALYZER_NUMBER_OBJECT_CONVERSION = YES_AGGRESSIVE;
				CLANG_CXX_LANGUAGE_STANDARD = "gnu++20";
				CLANG_ENABLE_MODULES = YES;
				CLANG_ENABLE_OBJC_ARC = YES;
				CLANG_ENABLE_OBJC_WEAK = YES;
				CLANG_WARN_BLOCK_CAPTURE_AUTORELEASING = YES;
				CLANG_WARN_BOOL_CONVERSION = YES;
				CLANG_WARN_COMMA = YES;
				CLANG_WARN_CONSTANT_CONVERSION = YES;
				CLANG_WARN_DEPRECATED_OBJC_IMPLEMENTATIONS = YES;
				CLANG_WARN_DIRECT_OBJC_ISA_USAGE = YES_ERROR;
				CLANG_WARN_DOCUMENTATION_COMMENTS = YES;
				CLANG_WARN_EMPTY_BODY = YES;
				CLANG_WARN_ENUM_CONVERSION = YES;
				CLANG_WARN_INFINITE_RECURSION = YES;
				CLANG_WARN_INT_CONVERSION = YES;
				CLANG_WARN_NON_LITERAL_NULL_CONVERSION = YES;
				CLANG_WARN_OBJC_IMPLICIT_RETAIN_SELF = YES;
				CLANG_WARN_OBJC_LITERAL_CONVERSION = YES;
				CLANG_WARN_OBJC_ROOT_CLASS = YES_ERROR;
				CLANG_WARN_QUOTED_INCLUDE_IN_FRAMEWORK_HEADER = YES;
				CLANG_WARN_RANGE_LOOP_ANALYSIS = YES;
				CLANG_WARN_STRICT_PROTOTYPES = YES;
				CLANG_WARN_SUSPICIOUS_MOVE = YES;
				CLANG_WARN_UNGUARDED_AVAILABILITY = YES_AGGRESSIVE;
				CLANG_WARN_UNREACHABLE_CODE = YES;
				CLANG_WARN__DUPLICATE_METHOD_MATCH = YES;
				COPY_PHASE_STRIP = NO;
				DEBUG_INFORMATION_FORMAT = "dwarf-with-dsym";
				DEVELOPMENT_TEAM = Q4JYUA6UF4;
				ENABLE_NS_ASSERTIONS = NO;
				ENABLE_STRICT_OBJC_MSGSEND = YES;
				ENABLE_USER_SCRIPT_SANDBOXING = YES;
				GCC_C_LANGUAGE_STANDARD = gnu17;
				GCC_NO_COMMON_BLOCKS = YES;
				GCC_WARN_64_TO_32_BIT_CONVERSION = YES;
				GCC_WARN_ABOUT_RETURN_TYPE = YES_ERROR;
				GCC_WARN_UNDECLARED_SELECTOR = YES;
				GCC_WARN_UNINITIALIZED_AUTOS = YES_AGGRESSIVE;
				GCC_WARN_UNUSED_FUNCTION = YES;
				GCC_WARN_UNUSED_VARIABLE = YES;
				LOCALIZATION_PREFERS_STRING_CATALOGS = YES;
				MACOSX_DEPLOYMENT_TARGET = 27.0;
				MTL_ENABLE_DEBUG_INFO = NO;
				MTL_FAST_MATH = YES;
				SDKROOT = macosx;
				SWIFT_COMPILATION_MODE = wholemodule;
			};
			name = Release;
		};
		3FBE10403066CF61007FB0CC /* Debug configuration for PBXNativeTarget "MoneyTalks" */ = {
			isa = XCBuildConfiguration;
			buildSettings = {
				ASSETCATALOG_COMPILER_APPICON_NAME = AppIcon;
				ASSETCATALOG_COMPILER_GLOBAL_ACCENT_COLOR_NAME = AccentColor;
				CODE_SIGN_STYLE = Automatic;
				COMBINE_HIDPI_IMAGES = YES;
				CURRENT_PROJECT_VERSION = 1;
				DEVELOPMENT_TEAM = Q4JYUA6UF4;
				ENABLE_APP_SANDBOX = YES;
				ENABLE_HARDENED_RUNTIME = YES;
				ENABLE_PREVIEWS = YES;
				ENABLE_USER_SELECTED_FILES = readonly;
				GENERATE_INFOPLIST_FILE = YES;
				INFOPLIST_KEY_NSHumanReadableCopyright = "";
				LD_RUNPATH_SEARCH_PATHS = (
					"$(inherited)",
					"@executable_path/../Frameworks",
				);
				MARKETING_VERSION = 1.0;
				PRODUCT_BUNDLE_IDENTIFIER = de.hinzberg.MoneyTalks;
				PRODUCT_NAME = "$(TARGET_NAME)";
				REGISTER_APP_GROUPS = YES;
				STRING_CATALOG_GENERATE_SYMBOLS = YES;
				SWIFT_APPROACHABLE_CONCURRENCY = YES;
				SWIFT_DEFAULT_ACTOR_ISOLATION = MainActor;
				SWIFT_EMIT_LOC_STRINGS = YES;
				SWIFT_UPCOMING_FEATURE_MEMBER_IMPORT_VISIBILITY = YES;
				SWIFT_VERSION = 5.0;
			};
			name = Debug;
		};
		3FBE10413066CF61007FB0CC /* Release configuration for PBXNativeTarget "MoneyTalks" */ = {
			isa = XCBuildConfiguration;
			buildSettings = {
				ASSETCATALOG_COMPILER_APPICON_NAME = AppIcon;
				ASSETCATALOG_COMPILER_GLOBAL_ACCENT_COLOR_NAME = AccentColor;
				CODE_SIGN_STYLE = Automatic;
				COMBINE_HIDPI_IMAGES = YES;
				CURRENT_PROJECT_VERSION = 1;
				DEVELOPMENT_TEAM = Q4JYUA6UF4;
				ENABLE_APP_SANDBOX = YES;
				ENABLE_HARDENED_RUNTIME = YES;
				ENABLE_PREVIEWS = YES;
				ENABLE_USER_SELECTED_FILES = readonly;
				GENERATE_INFOPLIST_FILE = YES;
				INFOPLIST_KEY_NSHumanReadableCopyright = "";
				LD_RUNPATH_SEARCH_PATHS = (
					"$(inherited)",
					"@executable_path/../Frameworks",
				);
				MARKETING_VERSION = 1.0;
				PRODUCT_BUNDLE_IDENTIFIER = de.hinzberg.MoneyTalks;
				PRODUCT_NAME = "$(TARGET_NAME)";
				REGISTER_APP_GROUPS = YES;
				STRING_CATALOG_GENERATE_SYMBOLS = YES;
				SWIFT_APPROACHABLE_CONCURRENCY = YES;
				SWIFT_DEFAULT_ACTOR_ISOLATION = MainActor;
				SWIFT_EMIT_LOC_STRINGS = YES;
				SWIFT_UPCOMING_FEATURE_MEMBER_IMPORT_VISIBILITY = YES;
				SWIFT_VERSION = 5.0;
			};
			name = Release;
		};
		3FBE10433066CF61007FB0CC /* Debug configuration for PBXNativeTarget "MoneyTalksTests" */ = {
			isa = XCBuildConfiguration;
			buildSettings = {
				BUNDLE_LOADER = "$(TEST_HOST)";
				CODE_SIGN_STYLE = Automatic;
				CURRENT_PROJECT_VERSION = 1;
				DEVELOPMENT_TEAM = Q4JYUA6UF4;
				GENERATE_INFOPLIST_FILE = YES;
				MACOSX_DEPLOYMENT_TARGET = 27.0;
				MARKETING_VERSION = 1.0;
				PRODUCT_BUNDLE_IDENTIFIER = de.hinzberg.MoneyTalksTests;
				PRODUCT_NAME = "$(TARGET_NAME)";
				STRING_CATALOG_GENERATE_SYMBOLS = NO;
				SWIFT_APPROACHABLE_CONCURRENCY = YES;
				SWIFT_EMIT_LOC_STRINGS = NO;
				SWIFT_UPCOMING_FEATURE_MEMBER_IMPORT_VISIBILITY = YES;
				SWIFT_VERSION = 5.0;
				TEST_HOST = "$(BUILT_PRODUCTS_DIR)/MoneyTalks.app/$(BUNDLE_EXECUTABLE_FOLDER_PATH)/MoneyTalks";
			};
			name = Debug;
		};
		3FBE10443066CF61007FB0CC /* Release configuration for PBXNativeTarget "MoneyTalksTests" */ = {
			isa = XCBuildConfiguration;
			buildSettings = {
				BUNDLE_LOADER = "$(TEST_HOST)";
				CODE_SIGN_STYLE = Automatic;
				CURRENT_PROJECT_VERSION = 1;
				DEVELOPMENT_TEAM = Q4JYUA6UF4;
				GENERATE_INFOPLIST_FILE = YES;
				MACOSX_DEPLOYMENT_TARGET = 27.0;
				MARKETING_VERSION = 1.0;
				PRODUCT_BUNDLE_IDENTIFIER = de.hinzberg.MoneyTalksTests;
				PRODUCT_NAME = "$(TARGET_NAME)";
				STRING_CATALOG_GENERATE_SYMBOLS = NO;
				SWIFT_APPROACHABLE_CONCURRENCY = YES;
				SWIFT_EMIT_LOC_STRINGS = NO;
				SWIFT_UPCOMING_FEATURE_MEMBER_IMPORT_VISIBILITY = YES;
				SWIFT_VERSION = 5.0;
				TEST_HOST = "$(BUILT_PRODUCTS_DIR)/MoneyTalks.app/$(BUNDLE_EXECUTABLE_FOLDER_PATH)/MoneyTalks";
			};
			name = Release;
		};
		3FBE10463066CF61007FB0CC /* Debug configuration for PBXNativeTarget "MoneyTalksUITests" */ = {
			isa = XCBuildConfiguration;
			buildSettings = {
				CODE_SIGN_STYLE = Automatic;
				CURRENT_PROJECT_VERSION = 1;
				DEVELOPMENT_TEAM = Q4JYUA6UF4;
				GENERATE_INFOPLIST_FILE = YES;
				MARKETING_VERSION = 1.0;
				PRODUCT_BUNDLE_IDENTIFIER = de.hinzberg.MoneyTalksUITests;
				PRODUCT_NAME = "$(TARGET_NAME)";
				STRING_CATALOG_GENERATE_SYMBOLS = NO;
				SWIFT_APPROACHABLE_CONCURRENCY = YES;
				SWIFT_EMIT_LOC_STRINGS = NO;
				SWIFT_UPCOMING_FEATURE_MEMBER_IMPORT_VISIBILITY = YES;
				SWIFT_VERSION = 5.0;
				TEST_TARGET_NAME = MoneyTalks;
			};
			name = Debug;
		};
		3FBE10473066CF61007FB0CC /* Release configuration for PBXNativeTarget "MoneyTalksUITests" */ = {
			isa = XCBuildConfiguration;
			buildSettings = {
				CODE_SIGN_STYLE = Automatic;
				CURRENT_PROJECT_VERSION = 1;
				DEVELOPMENT_TEAM = Q4JYUA6UF4;
				GENERATE_INFOPLIST_FILE = YES;
				MARKETING_VERSION = 1.0;
				PRODUCT_BUNDLE_IDENTIFIER = de.hinzberg.MoneyTalksUITests;
				PRODUCT_NAME = "$(TARGET_NAME)";
				STRING_CATALOG_GENERATE_SYMBOLS = NO;
				SWIFT_APPROACHABLE_CONCURRENCY = YES;
				SWIFT_EMIT_LOC_STRINGS = NO;
				SWIFT_UPCOMING_FEATURE_MEMBER_IMPORT_VISIBILITY = YES;
				SWIFT_VERSION = 5.0;
				TEST_TARGET_NAME = MoneyTalks;
			};
			name = Release;
		};
/* End XCBuildConfiguration section */

/* Begin XCConfigurationList section */
		3FBE101B3066CF60007FB0CC /* Build configuration list for PBXProject "MoneyTalks" */ = {
			isa = XCConfigurationList;
			buildConfigurations = (
				3FBE103D3066CF61007FB0CC /* Debug configuration for PBXProject "MoneyTalks" */,
				3FBE103E3066CF61007FB0CC /* Release configuration for PBXProject "MoneyTalks" */,
			);
			defaultConfigurationName = Release;
		};
		3FBE103F3066CF61007FB0CC /* Build configuration list for PBXNativeTarget "MoneyTalks" */ = {
			isa = XCConfigurationList;
			buildConfigurations = (
				3FBE10403066CF61007FB0CC /* Debug configuration for PBXNativeTarget "MoneyTalks" */,
				3FBE10413066CF61007FB0CC /* Release configuration for PBXNativeTarget "MoneyTalks" */,
			);
			defaultConfigurationName = Release;
		};
		3FBE10423066CF61007FB0CC /* Build configuration list for PBXNativeTarget "MoneyTalksTests" */ = {
			isa = XCConfigurationList;
			buildConfigurations = (
				3FBE10433066CF61007FB0CC /* Debug configuration for PBXNativeTarget "MoneyTalksTests" */,
				3FBE10443066CF61007FB0CC /* Release configuration for PBXNativeTarget "MoneyTalksTests" */,
			);
			defaultConfigurationName = Release;
		};
		3FBE10453066CF61007FB0CC /* Build configuration list for PBXNativeTarget "MoneyTalksUITests" */ = {
			isa = XCConfigurationList;
			buildConfigurations = (
				3FBE10463066CF61007FB0CC /* Debug configuration for PBXNativeTarget "MoneyTalksUITests" */,
				3FBE10473066CF61007FB0CC /* Release configuration for PBXNativeTarget "MoneyTalksUITests" */,
			);
			defaultConfigurationName = Release;
		};
/* End XCConfigurationList section */
	};
	rootObject = 3FBE10183066CF60007FB0CC /* Project object */;
	validationLevel = 1;
}
